
Microsoft Visual Studio Solution File, Format Version 12.00
# Visual Studio Version 17
VisualStudioVersion = 17.10.34928.147
MinimumVisualStudioVersion = 10.0.40219.1
Project("{FAE04EC0-301F-11D3-BF4B-00C04F79EFBC}") = "exam.net", "exam.net\exam.net.csproj", "{548BFF2B-3912-4A30-A42E-9ABD5725F5A2}"
EndProject
Global
	GlobalSection(SolutionConfigurationPlatforms) = preSolution
		Debug|Any CPU = Debug|Any CPU
		Release|Any CPU = Release|Any CPU
	EndGlobalSection
	GlobalSection(ProjectConfigurationPlatforms) = postSolution
		{548BFF2B-3912-4A30-A42E-9ABD5725F5A2}.Debug|Any CPU.ActiveCfg = Debug|Any CPU
		{548BFF2B-3912-4A30-A42E-9ABD5725F5A2}.Debug|Any CPU.Build.0 = Debug|Any CPU
		{548BFF2B-3912-4A30-A42E-9ABD5725F5A2}.Release|Any CPU.ActiveCfg = Release|Any CPU
		{548BFF2B-3912-4A30-A42E-9ABD5725F5A2}.Release|Any CPU.Build.0 = Release|Any CPU
	EndGlobalSection
	GlobalSection(SolutionProperties) = preSolution
		HideSolutionNode = FALSE
	EndGlobalSection
	GlobalSection(ExtensibilityGlobals) = postSolution
		SolutionGuid = {63DB649B-D783-4BAC-A3A5-735DFCC61075}
	EndGlobalSection
EndGlobal
